
Microsoft Visual Studio Solution File, Format Version 12.00
# Visual Studio Version 16
VisualStudioVersion = 16.0.30011.22
MinimumVisualStudioVersion = 10.0.40219.1
Project("{9A19103F-16F7-4668-BE54-9A1E7A4F7556}") = "VolunteerBoardAPI", "VolunteerBoard\VolunteerBoardAPI.csproj", "{EE3B3FDB-245A-46CC-B9EF-BFBD8F343861}"
EndProject
Project("{FAE04EC0-301F-11D3-BF4B-00C04F79EFBC}") = "VolunteerBoardWEB", "VolunteerBoardWEB\VolunteerBoardWEB.csproj", "{2FACC220-28DA-4416-A1AA-D5304A4ACFBD}"
EndProject
Global
	GlobalSection(SolutionConfigurationPlatforms) = preSolution
		Debug|Any CPU = Debug|Any CPU
		Release|Any CPU = Release|Any CPU
	EndGlobalSection
	GlobalSection(ProjectConfigurationPlatforms) = postSolution
		{EE3B3FDB-245A-46CC-B9EF-BFBD8F343861}.Debug|Any CPU.ActiveCfg = Debug|Any CPU
		{EE3B3FDB-245A-46CC-B9EF-BFBD8F343861}.Debug|Any CPU.Build.0 = Debug|Any CPU
		{EE3B3FDB-245A-46CC-B9EF-BFBD8F343861}.Release|Any CPU.ActiveCfg = Release|Any CPU
		{EE3B3FDB-245A-46CC-B9EF-BFBD8F343861}.Release|Any CPU.Build.0 = Release|Any CPU
		{2FACC220-28DA-4416-A1AA-D5304A4ACFBD}.Debug|Any CPU.ActiveCfg = Debug|Any CPU
		{2FACC220-28DA-4416-A1AA-D5304A4ACFBD}.Debug|Any CPU.Build.0 = Debug|Any CPU
		{2FACC220-28DA-4416-A1AA-D5304A4ACFBD}.Release|Any CPU.ActiveCfg = Release|Any CPU
		{2FACC220-28DA-4416-A1AA-D5304A4ACFBD}.Release|Any CPU.Build.0 = Release|Any CPU
	EndGlobalSection
	GlobalSection(SolutionProperties) = preSolution
		HideSolutionNode = FALSE
	EndGlobalSection
	GlobalSection(ExtensibilityGlobals) = postSolution
		SolutionGuid = {5E84ECC3-6967-4496-9859-8C8047904D4D}
	EndGlobalSection
EndGlobal
